
Microsoft Visual Studio Solution File, Format Version 12.00
# Visual Studio Version 17
VisualStudioVersion = 17.5.33516.290
MinimumVisualStudioVersion = 10.0.40219.1
Project("{FAE04EC0-301F-11D3-BF4B-00C04F79EFBC}") = "DataAccessLayer", "DataAccessLayer\DataAccessLayer.csproj", "{D7D4AF81-7839-44EA-8DD7-6492961B2F18}"
EndProject
Project("{FAE04EC0-301F-11D3-BF4B-00C04F79EFBC}") = "BusineesLogicLayer", "BusineesLogicLayer\BusineesLogicLayer.csproj", "{A28F9F85-7209-495E-9DC4-B407D894E031}"
EndProject
Project("{FAE04EC0-301F-11D3-BF4B-00C04F79EFBC}") = "NorthWind_WinUI", "NorthWind_WinUI\NorthWind_WinUI.csproj", "{D4972B67-B198-4D37-B882-1AE74BAD55B1}"
EndProject
Global
	GlobalSection(SolutionConfigurationPlatforms) = preSolution
		Debug|Any CPU = Debug|Any CPU
		Release|Any CPU = Release|Any CPU
	EndGlobalSection
	GlobalSection(ProjectConfigurationPlatforms) = postSolution
		{D7D4AF81-7839-44EA-8DD7-6492961B2F18}.Debug|Any CPU.ActiveCfg = Debug|Any CPU
		{D7D4AF81-7839-44EA-8DD7-6492961B2F18}.Debug|Any CPU.Build.0 = Debug|Any CPU
		{D7D4AF81-7839-44EA-8DD7-6492961B2F18}.Release|Any CPU.ActiveCfg = Release|Any CPU
		{D7D4AF81-7839-44EA-8DD7-6492961B2F18}.Release|Any CPU.Build.0 = Release|Any CPU
		{A28F9F85-7209-495E-9DC4-B407D894E031}.Debug|Any CPU.ActiveCfg = Debug|Any CPU
		{A28F9F85-7209-495E-9DC4-B407D894E031}.Debug|Any CPU.Build.0 = Debug|Any CPU
		{A28F9F85-7209-495E-9DC4-B407D894E031}.Release|Any CPU.ActiveCfg = Release|Any CPU
		{A28F9F85-7209-495E-9DC4-B407D894E031}.Release|Any CPU.Build.0 = Release|Any CPU
		{D4972B67-B198-4D37-B882-1AE74BAD55B1}.Debug|Any CPU.ActiveCfg = Debug|Any CPU
		{D4972B67-B198-4D37-B882-1AE74BAD55B1}.Debug|Any CPU.Build.0 = Debug|Any CPU
		{D4972B67-B198-4D37-B882-1AE74BAD55B1}.Release|Any CPU.ActiveCfg = Release|Any CPU
		{D4972B67-B198-4D37-B882-1AE74BAD55B1}.Release|Any CPU.Build.0 = Release|Any CPU
	EndGlobalSection
	GlobalSection(SolutionProperties) = preSolution
		HideSolutionNode = FALSE
	EndGlobalSection
	GlobalSection(ExtensibilityGlobals) = postSolution
		SolutionGuid = {43AA5E3E-9D42-4004-B3B4-5415D0C2F891}
	EndGlobalSection
EndGlobal
